# This file is automatically @generated by Cargo.
# It is not intended for manual editing.
version = 4

[[package]]
name = "muaaz-core"
version = "0.1.0"

[[package]]
name = "muaaz-desktop"
version = "0.1.0"

[[package]]
name = "muaaz-shell"
version = "0.1.0"

[[package]]
name = "muaaz-system"
version = "0.1.0"

[[package]]
name = "muaaz-ui"
version = "0.1.0"
